
Microsoft Visual Studio Solution File, Format Version 12.00
# Visual Studio Version 17
VisualStudioVersion = 17.10.35004.147
MinimumVisualStudioVersion = 10.0.40219.1
Project("{FAE04EC0-301F-11D3-BF4B-00C04F79EFBC}") = "GegoPOS", "GegoPOS\GegoPOS.csproj", "{ABDBA099-BEC7-4D37-A308-DD53E9D03FBE}"
EndProject
Global
	GlobalSection(SolutionConfigurationPlatforms) = preSolution
		Debug|Any CPU = Debug|Any CPU
		Release|Any CPU = Release|Any CPU
	EndGlobalSection
	GlobalSection(ProjectConfigurationPlatforms) = postSolution
		{ABDBA099-BEC7-4D37-A308-DD53E9D03FBE}.Debug|Any CPU.ActiveCfg = Debug|Any CPU
		{ABDBA099-BEC7-4D37-A308-DD53E9D03FBE}.Debug|Any CPU.Build.0 = Debug|Any CPU
		{ABDBA099-BEC7-4D37-A308-DD53E9D03FBE}.Release|Any CPU.ActiveCfg = Release|Any CPU
		{ABDBA099-BEC7-4D37-A308-DD53E9D03FBE}.Release|Any CPU.Build.0 = Release|Any CPU
	EndGlobalSection
	GlobalSection(SolutionProperties) = preSolution
		HideSolutionNode = FALSE
	EndGlobalSection
	GlobalSection(ExtensibilityGlobals) = postSolution
		SolutionGuid = {F7A45D4C-29C9-4F4B-8D3B-FB893F84A0BB}
	EndGlobalSection
EndGlobal
